
Microsoft Visual Studio Solution File, Format Version 12.00
# Visual Studio Version 16
VisualStudioVersion = 16.0.31105.61
MinimumVisualStudioVersion = 10.0.40219.1
Project("{FAE04EC0-301F-11D3-BF4B-00C04F79EFBC}") = "samran", "samran\samran.csproj", "{A956F8BC-9986-480C-9DB0-3E64D15EC7FF}"
EndProject
Global
	GlobalSection(SolutionConfigurationPlatforms) = preSolution
		Debug|Any CPU = Debug|Any CPU
		Release|Any CPU = Release|Any CPU
	EndGlobalSection
	GlobalSection(ProjectConfigurationPlatforms) = postSolution
		{A956F8BC-9986-480C-9DB0-3E64D15EC7FF}.Debug|Any CPU.ActiveCfg = Debug|Any CPU
		{A956F8BC-9986-480C-9DB0-3E64D15EC7FF}.Debug|Any CPU.Build.0 = Debug|Any CPU
		{A956F8BC-9986-480C-9DB0-3E64D15EC7FF}.Release|Any CPU.ActiveCfg = Release|Any CPU
		{A956F8BC-9986-480C-9DB0-3E64D15EC7FF}.Release|Any CPU.Build.0 = Release|Any CPU
	EndGlobalSection
	GlobalSection(SolutionProperties) = preSolution
		HideSolutionNode = FALSE
	EndGlobalSection
	GlobalSection(ExtensibilityGlobals) = postSolution
		SolutionGuid = {B4FE2CD8-FE58-4679-A4FF-27497B2AFDEB}
	EndGlobalSection
EndGlobal
